// !$*UTF8*$!
{
	archiveVersion = 1;
	classes = {
	};
	objectVersion = 56;
	objects = {

/* Begin PBXBuildFile section */
		BD7261FF2C5248500085C94B /* aboutMeProjectApp.swift in Sources */ = {isa = PBXBuildFile; fileRef = BD7261FE2C5248500085C94B /* aboutMeProjectApp.swift */; };
		BD7262012C5248500085C94B /* ContentView.swift in Sources */ = {isa = PBXBuildFile; fileRef = BD7262002C5248500085C94B /* ContentView.swift */; };
		BD7262032C5248520085C94B /* Assets.xcassets in Resources */ = {isa = PBXBuildFile; fileRef = BD7262022C5248520085C94B /* Assets.xcassets */; };
		BD7262062C5248520085C94B /* Preview Assets.xcassets in Resources */ = {isa = PBXBuildFile; fileRef = BD7262052C5248520085C94B /* Preview Assets.xcassets */; };
		BD7262102C5248520085C94B /* aboutMeProjectTests.swift in Sources */ = {isa = PBXBuildFile; fileRef = BD72620F2C5248520085C94B /* aboutMeProjectTests.swift */; };
		BD72621A2C5248520085C94B /* aboutMeProjectUITests.swift in Sources */ = {isa = PBXBuildFile; fileRef = BD7262192C5248520085C94B /* aboutMeProjectUITests.swift */; };
		BD72621C2C5248520085C94B /* aboutMeProjectUITestsLaunchTests.swift in Sources */ = {isa = PBXBuildFile; fileRef = BD72621B2C5248520085C94B /* aboutMeProjectUITestsLaunchTests.swift */; };
/* End PBXBuildFile section */

/* Begin PBXContainerItemProxy section */
		BD72620C2C5248520085C94B /* PBXContainerItemProxy */ = {
			isa = PBXContainerItemProxy;
			containerPortal = BD7261F32C5248500085C94B /* Project object */;
			proxyType = 1;
			remoteGlobalIDString = BD7261FA2C5248500085C94B;
			remoteInfo = aboutMeProject;
		};
		BD7262162C5248520085C94B /* PBXContainerItemProxy */ = {
			isa = PBXContainerItemProxy;
			containerPortal = BD7261F32C5248500085C94B /* Project object */;
			proxyType = 1;
			remoteGlobalIDString = BD7261FA2C5248500085C94B;
			remoteInfo = aboutMeProject;
		};
/* End PBXContainerItemProxy section */

/* Begin PBXFileReference section */
		BD7261FB2C5248500085C94B /* aboutMeProject.app */ = {isa = PBXFileReference; explicitFileType = wrapper.application; includeInIndex = 0; path = aboutMeProject.app; sourceTree = BUILT_PRODUCTS_DIR; };
		BD7261FE2C5248500085C94B /* aboutMeProjectApp.swift */ = {isa = PBXFileReference; lastKnownFileType = sourcecode.swift; path = aboutMeProjectApp.swift; sourceTree = "<group>"; };
		BD7262002C5248500085C94B /* ContentView.swift */ = {isa = PBXFileReference; lastKnownFileType = sourcecode.swift; path = ContentView.swift; sourceTree = "<group>"; };
		BD7262022C5248520085C94B /* Assets.xcassets */ = {isa = PBXFileReference; lastKnownFileType = folder.assetcatalog; path = Assets.xcassets; sourceTree = "<group>"; };
		BD7262052C5248520085C94B /* Preview Assets.xcassets */ = {isa = PBXFileReference; lastKnownFileType = folder.assetcatalog; path = "Preview Assets.xcassets"; sourceTree = "<group>"; };
		BD72620B2C5248520085C94B /* aboutMeProjectTests.xctest */ = {isa = PBXFileReference; explicitFileType = wrapper.cfbundle; includeInIndex = 0; path = aboutMeProjectTests.xctest; sourceTree = BUILT_PRODUCTS_DIR; };
		BD72620F2C5248520085C94B /* aboutMeProjectTests.swift */ = {isa = PBXFileReference; lastKnownFileType = sourcecode.swift; path = aboutMeProjectTests.swift; sourceTree = "<group>"; };
		BD7262152C5248520085C94B /* aboutMeProjectUITests.xctest */ = {isa = PBXFileReference; explicitFileType = wrapper.cfbundle; includeInIndex = 0; path = aboutMeProjectUITests.xctest; sourceTree = BUILT_PRODUCTS_DIR; };
		BD7262192C5248520085C94B /* aboutMeProjectUITests.swift */ = {isa = PBXFileReference; lastKnownFileType = sourcecode.swift; path = aboutMeProjectUITests.swift; sourceTree = "<group>"; };
		BD72621B2C5248520085C94B /* aboutMeProjectUITestsLaunchTests.swift */ = {isa = PBXFileReference; lastKnownFileType = sourcecode.swift; path = aboutMeProjectUITestsLaunchTests.swift; sourceTree = "<group>"; };
/* End PBXFileReference section */

/* Begin PBXFrameworksBuildPhase section */
		BD7261F82C5248500085C94B /* Frameworks */ = {
			isa = PBXFrameworksBuildPhase;
			buildActionMask = 2147483647;
			files = (
			);
			runOnlyForDeploymentPostprocessing = 0;
		};
		BD7262082C5248520085C94B /* Frameworks */ = {
			isa = PBXFrameworksBuildPhase;
			buildActionMask = 2147483647;
			files = (
			);
			runOnlyForDeploymentPostprocessing = 0;
		};
		BD7262122C5248520085C94B /* Frameworks */ = {
			isa = PBXFrameworksBuildPhase;
			buildActionMask = 2147483647;
			files = (
			);
			runOnlyForDeploymentPostprocessing = 0;
		};
/* End PBXFrameworksBuildPhase section */

/* Begin PBXGroup section */
		BD7261F22C5248500085C94B = {
			isa = PBXGroup;
			children = (
				BD7261FD2C5248500085C94B /* aboutMeProject */,
				BD72620E2C5248520085C94B /* aboutMeProjectTests */,
				BD7262182C5248520085C94B /* aboutMeProjectUITests */,
				BD7261FC2C5248500085C94B /* Products */,
			);
			sourceTree = "<group>";
		};
		BD7261FC2C5248500085C94B /* Products */ = {
			isa = PBXGroup;
			children = (
				BD7261FB2C5248500085C94B /* aboutMeProject.app */,
				BD72620B2C5248520085C94B /* aboutMeProjectTests.xctest */,
				BD7262152C5248520085C94B /* aboutMeProjectUITests.xctest */,
			);
			name = Products;
			sourceTree = "<group>";
		};
		BD7261FD2C5248500085C94B /* aboutMeProject */ = {
			isa = PBXGroup;
			children = (
				BD7261FE2C5248500085C94B /* aboutMeProjectApp.swift */,
				BD7262002C5248500085C94B /* ContentView.swift */,
				BD7262022C5248520085C94B /* Assets.xcassets */,
				BD7262042C5248520085C94B /* Preview Content */,
			);
			path = aboutMeProject;
			sourceTree = "<group>";
		};
		BD7262042C5248520085C94B /* Preview Content */ = {
			isa = PBXGroup;
			children = (
				BD7262052C5248520085C94B /* Preview Assets.xcassets */,
			);
			path = "Preview Content";
			sourceTree = "<group>";
		};
		BD72620E2C5248520085C94B /* aboutMeProjectTests */ = {
			isa = PBXGroup;
			children = (
				BD72620F2C5248520085C94B /* aboutMeProjectTests.swift */,
			);
			path = aboutMeProjectTests;
			sourceTree = "<group>";
		};
		BD7262182C5248520085C94B /* aboutMeProjectUITests */ = {
			isa = PBXGroup;
			children = (
				BD7262192C5248520085C94B /* aboutMeProjectUITests.swift */,
				BD72621B2C5248520085C94B /* aboutMeProjectUITestsLaunchTests.swift */,
			);
			path = aboutMeProjectUITests;
			sourceTree = "<group>";
		};
/* End PBXGroup section */

/* Begin PBXNativeTarget section */
		BD7261FA2C5248500085C94B /* aboutMeProject */ = {
			isa = PBXNativeTarget;
			buildConfigurationList = BD72621F2C5248520085C94B /* Build configuration list for PBXNativeTarget "aboutMeProject" */;
			buildPhases = (
				BD7261F72C5248500085C94B /* Sources */,
				BD7261F82C5248500085C94B /* Frameworks */,
				BD7261F92C5248500085C94B /* Resources */,
			);
			buildRules = (
			);
			dependencies = (
			);
			name = aboutMeProject;
			productName = aboutMeProject;
			productReference = BD7261FB2C5248500085C94B /* aboutMeProject.app */;
			productType = "com.apple.product-type.application";
		};
		BD72620A2C5248520085C94B /* aboutMeProjectTests */ = {
			isa = PBXNativeTarget;
			buildConfigurationList = BD7262222C5248520085C94B /* Build configuration list for PBXNativeTarget "aboutMeProjectTests" */;
			buildPhases = (
				BD7262072C5248520085C94B /* Sources */,
				BD7262082C5248520085C94B /* Frameworks */,
				BD7262092C5248520085C94B /* Resources */,
			);
			buildRules = (
			);
			dependencies = (
				BD72620D2C5248520085C94B /* PBXTargetDependency */,
			);
			name = aboutMeProjectTests;
			productName = aboutMeProjectTests;
			productReference = BD72620B2C5248520085C94B /* aboutMeProjectTests.xctest */;
			productType = "com.apple.product-type.bundle.unit-test";
		};
		BD7262142C5248520085C94B /* aboutMeProjectUITests */ = {
			isa = PBXNativeTarget;
			buildConfigurationList = BD7262252C5248520085C94B /* Build configuration list for PBXNativeTarget "aboutMeProjectUITests" */;
			buildPhases = (
				BD7262112C5248520085C94B /* Sources */,
				BD7262122C5248520085C94B /* Frameworks */,
				BD7262132C5248520085C94B /* Resources */,
			);
			buildRules = (
			);
			dependencies = (
				BD7262172C5248520085C94B /* PBXTargetDependency */,
			);
			name = aboutMeProjectUITests;
			productName = aboutMeProjectUITests;
			productReference = BD7262152C5248520085C94B /* aboutMeProjectUITests.xctest */;
			productType = "com.apple.product-type.bundle.ui-testing";
		};
/* End PBXNativeTarget section */

/* Begin PBXProject section */
		BD7261F32C5248500085C94B /* Project object */ = {
			isa = PBXProject;
			attributes = {
				BuildIndependentTargetsInParallel = 1;
				LastSwiftUpdateCheck = 1540;
				LastUpgradeCheck = 1540;
				TargetAttributes = {
					BD7261FA2C5248500085C94B = {
						CreatedOnToolsVersion = 15.4;
					};
					BD72620A2C5248520085C94B = {
						CreatedOnToolsVersion = 15.4;
						TestTargetID = BD7261FA2C5248500085C94B;
					};
					BD7262142C5248520085C94B = {
						CreatedOnToolsVersion = 15.4;
						TestTargetID = BD7261FA2C5248500085C94B;
					};
				};
			};
			buildConfigurationList = BD7261F62C5248500085C94B /* Build configuration list for PBXProject "aboutMeProject" */;
			compatibilityVersion = "Xcode 14.0";
			developmentRegion = en;
			hasScannedForEncodings = 0;
			knownRegions = (
				en,
				Base,
			);
			mainGroup = BD7261F22C5248500085C94B;
			productRefGroup = BD7261FC2C5248500085C94B /* Products */;
			projectDirPath = "";
			projectRoot = "";
			targets = (
				BD7261FA2C5248500085C94B /* aboutMeProject */,
				BD72620A2C5248520085C94B /* aboutMeProjectTests */,
				BD7262142C5248520085C94B /* aboutMeProjectUITests */,
			);
		};
/* End PBXProject section */

/* Begin PBXResourcesBuildPhase section */
		BD7261F92C5248500085C94B /* Resources */ = {
			isa = PBXResourcesBuildPhase;
			buildActionMask = 2147483647;
			files = (
				BD7262062C5248520085C94B /* Preview Assets.xcassets in Resources */,
				BD7262032C5248520085C94B /* Assets.xcassets in Resources */,
			);
			runOnlyForDeploymentPostprocessing = 0;
		};
		BD7262092C5248520085C94B /* Resources */ = {
			isa = PBXResourcesBuildPhase;
			buildActionMask = 2147483647;
			files = (
			);
			runOnlyForDeploymentPostprocessing = 0;
		};
		BD7262132C5248520085C94B /* Resources */ = {
			isa = PBXResourcesBuildPhase;
			buildActionMask = 2147483647;
			files = (
			);
			runOnlyForDeploymentPostprocessing = 0;
		};
/* End PBXResourcesBuildPhase section */

/* Begin PBXSourcesBuildPhase section */
		BD7261F72C5248500085C94B /* Sources */ = {
			isa = PBXSourcesBuildPhase;
			buildActionMask = 2147483647;
			files = (
				BD7262012C5248500085C94B /* ContentView.swift in Sources */,
				BD7261FF2C5248500085C94B /* aboutMeProjectApp.swift in Sources */,
			);
			runOnlyForDeploymentPostprocessing = 0;
		};
		BD7262072C5248520085C94B /* Sources */ = {
			isa = PBXSourcesBuildPhase;
			buildActionMask = 2147483647;
			files = (
				BD7262102C5248520085C94B /* aboutMeProjectTests.swift in Sources */,
			);
			runOnlyForDeploymentPostprocessing = 0;
		};
		BD7262112C5248520085C94B /* Sources */ = {
			isa = PBXSourcesBuildPhase;
			buildActionMask = 2147483647;
			files = (
				BD72621C2C5248520085C94B /* aboutMeProjectUITestsLaunchTests.swift in Sources */,
				BD72621A2C5248520085C94B /* aboutMeProjectUITests.swift in Sources */,
			);
			runOnlyForDeploymentPostprocessing = 0;
		};
/* End PBXSourcesBuildPhase section */

/* Begin PBXTargetDependency section */
		BD72620D2C5248520085C94B /* PBXTargetDependency */ = {
			isa = PBXTargetDependency;
			target = BD7261FA2C5248500085C94B /* aboutMeProject */;
			targetProxy = BD72620C2C5248520085C94B /* PBXContainerItemProxy */;
		};
		BD7262172C5248520085C94B /* PBXTargetDependency */ = {
			isa = PBXTargetDependency;
			target = BD7261FA2C5248500085C94B /* aboutMeProject */;
			targetProxy = BD7262162C5248520085C94B /* PBXContainerItemProxy */;
		};
/* End PBXTargetDependency section */

/* Begin XCBuildConfiguration section */
		BD72621D2C5248520085C94B /* Debug */ = {
			isa = XCBuildConfiguration;
			buildSettings = {
				ALWAYS_SEARCH_USER_PATHS = NO;
				ASSETCATALOG_COMPILER_GENERATE_SWIFT_ASSET_SYMBOL_EXTENSIONS = YES;
				CLANG_ANALYZER_NONNULL = YES;
				CLANG_ANALYZER_NUMBER_OBJECT_CONVERSION = YES_AGGRESSIVE;
				CLANG_CXX_LANGUAGE_STANDARD = "gnu++20";
				CLANG_ENABLE_MODULES = YES;
				CLANG_ENABLE_OBJC_ARC = YES;
				CLANG_ENABLE_OBJC_WEAK = YES;
				CLANG_WARN_BLOCK_CAPTURE_AUTORELEASING = YES;
				CLANG_WARN_BOOL_CONVERSION = YES;
				CLANG_WARN_COMMA = YES;
				CLANG_WARN_CONSTANT_CONVERSION = YES;
				CLANG_WARN_DEPRECATED_OBJC_IMPLEMENTATIONS = YES;
				CLANG_WARN_DIRECT_OBJC_ISA_USAGE = YES_ERROR;
				CLANG_WARN_DOCUMENTATION_COMMENTS = YES;
				CLANG_WARN_EMPTY_BODY = YES;
				CLANG_WARN_ENUM_CONVERSION = YES;
				CLANG_WARN_INFINITE_RECURSION = YES;
				CLANG_WARN_INT_CONVERSION = YES;
				CLANG_WARN_NON_LITERAL_NULL_CONVERSION = YES;
				CLANG_WARN_OBJC_IMPLICIT_RETAIN_SELF = YES;
				CLANG_WARN_OBJC_LITERAL_CONVERSION = YES;
				CLANG_WARN_OBJC_ROOT_CLASS = YES_ERROR;
				CLANG_WARN_QUOTED_INCLUDE_IN_FRAMEWORK_HEADER = YES;
				CLANG_WARN_RANGE_LOOP_ANALYSIS = YES;
				CLANG_WARN_STRICT_PROTOTYPES = YES;
				CLANG_WARN_SUSPICIOUS_MOVE = YES;
				CLANG_WARN_UNGUARDED_AVAILABILITY = YES_AGGRESSIVE;
				CLANG_WARN_UNREACHABLE_CODE = YES;
				CLANG_WARN__DUPLICATE_METHOD_MATCH = YES;
				COPY_PHASE_STRIP = NO;
				DEBUG_INFORMATION_FORMAT = dwarf;
				ENABLE_STRICT_OBJC_MSGSEND = YES;
				ENABLE_TESTABILITY = YES;
				ENABLE_USER_SCRIPT_SANDBOXING = YES;
				GCC_C_LANGUAGE_STANDARD = gnu17;
				GCC_DYNAMIC_NO_PIC = NO;
				GCC_NO_COMMON_BLOCKS = YES;
				GCC_OPTIMIZATION_LEVEL = 0;
				GCC_PREPROCESSOR_DEFINITIONS = (
					"DEBUG=1",
					"$(inherited)",
				);
				GCC_WARN_64_TO_32_BIT_CONVERSION = YES;
				GCC_WARN_ABOUT_RETURN_TYPE = YES_ERROR;
				GCC_WARN_UNDECLARED_SELECTOR = YES;
				GCC_WARN_UNINITIALIZED_AUTOS = YES_AGGRESSIVE;
				GCC_WARN_UNUSED_FUNCTION = YES;
				GCC_WARN_UNUSED_VARIABLE = YES;
				IPHONEOS_DEPLOYMENT_TARGET = 17.5;
				LOCALIZATION_PREFERS_STRING_CATALOGS = YES;
				MTL_ENABLE_DEBUG_INFO = INCLUDE_SOURCE;
				MTL_FAST_MATH = YES;
				ONLY_ACTIVE_ARCH = YES;
				SDKROOT = iphoneos;
				SWIFT_ACTIVE_COMPILATION_CONDITIONS = "DEBUG $(inherited)";
				SWIFT_OPTIMIZATION_LEVEL = "-Onone";
			};
			name = Debug;
		};
		BD72621E2C5248520085C94B /* Release */ = {
			isa = XCBuildConfiguration;
			buildSettings = {
				ALWAYS_SEARCH_USER_PATHS = NO;
				ASSETCATALOG_COMPILER_GENERATE_SWIFT_ASSET_SYMBOL_EXTENSIONS = YES;
				CLANG_ANALYZER_NONNULL = YES;
				CLANG_ANALYZER_NUMBER_OBJECT_CONVERSION = YES_AGGRESSIVE;
				CLANG_CXX_LANGUAGE_STANDARD = "gnu++20";
				CLANG_ENABLE_MODULES = YES;
				CLANG_ENABLE_OBJC_ARC = YES;
				CLANG_ENABLE_OBJC_WEAK = YES;
				CLANG_WARN_BLOCK_CAPTURE_AUTORELEASING = YES;
				CLANG_WARN_BOOL_CONVERSION = YES;
				CLANG_WARN_COMMA = YES;
				CLANG_WARN_CONSTANT_CONVERSION = YES;
				CLANG_WARN_DEPRECATED_OBJC_IMPLEMENTATIONS = YES;
				CLANG_WARN_DIRECT_OBJC_ISA_USAGE = YES_ERROR;
				CLANG_WARN_DOCUMENTATION_COMMENTS = YES;
				CLANG_WARN_EMPTY_BODY = YES;
				CLANG_WARN_ENUM_CONVERSION = YES;
				CLANG_WARN_INFINITE_RECURSION = YES;
				CLANG_WARN_INT_CONVERSION = YES;
				CLANG_WARN_NON_LITERAL_NULL_CONVERSION = YES;
				CLANG_WARN_OBJC_IMPLICIT_RETAIN_SELF = YES;
				CLANG_WARN_OBJC_LITERAL_CONVERSION = YES;
				CLANG_WARN_OBJC_ROOT_CLASS = YES_ERROR;
				CLANG_WARN_QUOTED_INCLUDE_IN_FRAMEWORK_HEADER = YES;
				CLANG_WARN_RANGE_LOOP_ANALYSIS = YES;
				CLANG_WARN_STRICT_PROTOTYPES = YES;
				CLANG_WARN_SUSPICIOUS_MOVE = YES;
				CLANG_WARN_UNGUARDED_AVAILABILITY = YES_AGGRESSIVE;
				CLANG_WARN_UNREACHABLE_CODE = YES;
				CLANG_WARN__DUPLICATE_METHOD_MATCH = YES;
				COPY_PHASE_STRIP = NO;
				DEBUG_INFORMATION_FORMAT = "dwarf-with-dsym";
				ENABLE_NS_ASSERTIONS = NO;
				ENABLE_STRICT_OBJC_MSGSEND = YES;
				ENABLE_USER_SCRIPT_SANDBOXING = YES;
				GCC_C_LANGUAGE_STANDARD = gnu17;
				GCC_NO_COMMON_BLOCKS = YES;
				GCC_WARN_64_TO_32_BIT_CONVERSION = YES;
				GCC_WARN_ABOUT_RETURN_TYPE = YES_ERROR;
				GCC_WARN_UNDECLARED_SELECTOR = YES;
				GCC_WARN_UNINITIALIZED_AUTOS = YES_AGGRESSIVE;
				GCC_WARN_UNUSED_FUNCTION = YES;
				GCC_WARN_UNUSED_VARIABLE = YES;
				IPHONEOS_DEPLOYMENT_TARGET = 17.5;
				LOCALIZATION_PREFERS_STRING_CATALOGS = YES;
				MTL_ENABLE_DEBUG_INFO = NO;
				MTL_FAST_MATH = YES;
				SDKROOT = iphoneos;
				SWIFT_COMPILATION_MODE = wholemodule;
				VALIDATE_PRODUCT = YES;
			};
			name = Release;
		};
		BD7262202C5248520085C94B /* Debug */ = {
			isa = XCBuildConfiguration;
			buildSettings = {
				ASSETCATALOG_COMPILER_APPICON_NAME = AppIcon;
				ASSETCATALOG_COMPILER_GLOBAL_ACCENT_COLOR_NAME = AccentColor;
				CODE_SIGN_STYLE = Automatic;
				CURRENT_PROJECT_VERSION = 1;
				DEVELOPMENT_ASSET_PATHS = "\"aboutMeProject/Preview Content\"";
				ENABLE_PREVIEWS = YES;
				GENERATE_INFOPLIST_FILE = YES;
				INFOPLIST_KEY_UIApplicationSceneManifest_Generation = YES;
				INFOPLIST_KEY_UIApplicationSupportsIndirectInputEvents = YES;
				INFOPLIST_KEY_UILaunchScreen_Generation = YES;
				INFOPLIST_KEY_UISupportedInterfaceOrientations_iPad = "UIInterfaceOrientationPortrait UIInterfaceOrientationPortraitUpsideDown UIInterfaceOrientationLandscapeLeft UIInterfaceOrientationLandscapeRight";
				INFOPLIST_KEY_UISupportedInterfaceOrientations_iPhone = "UIInterfaceOrientationPortrait UIInterfaceOrientationLandscapeLeft UIInterfaceOrientationLandscapeRight";
				LD_RUNPATH_SEARCH_PATHS = (
					"$(inherited)",
					"@executable_path/Frameworks",
				);
				MARKETING_VERSION = 1.0;
				PRODUCT_BUNDLE_IDENTIFIER = kwk3.aboutMeProject;
				PRODUCT_NAME = "$(TARGET_NAME)";
				SWIFT_EMIT_LOC_STRINGS = YES;
				SWIFT_VERSION = 5.0;
				TARGETED_DEVICE_FAMILY = "1,2";
			};
			name = Debug;
		};
		BD7262212C5248520085C94B /* Release */ = {
			isa = XCBuildConfiguration;
			buildSettings = {
				ASSETCATALOG_COMPILER_APPICON_NAME = AppIcon;
				ASSETCATALOG_COMPILER_GLOBAL_ACCENT_COLOR_NAME = AccentColor;
				CODE_SIGN_STYLE = Automatic;
				CURRENT_PROJECT_VERSION = 1;
				DEVELOPMENT_ASSET_PATHS = "\"aboutMeProject/Preview Content\"";
				ENABLE_PREVIEWS = YES;
				GENERATE_INFOPLIST_FILE = YES;
				INFOPLIST_KEY_UIApplicationSceneManifest_Generation = YES;
				INFOPLIST_KEY_UIApplicationSupportsIndirectInputEvents = YES;
				INFOPLIST_KEY_UILaunchScreen_Generation = YES;
				INFOPLIST_KEY_UISupportedInterfaceOrientations_iPad = "UIInterfaceOrientationPortrait UIInterfaceOrientationPortraitUpsideDown UIInterfaceOrientationLandscapeLeft UIInterfaceOrientationLandscapeRight";
				INFOPLIST_KEY_UISupportedInterfaceOrientations_iPhone = "UIInterfaceOrientationPortrait UIInterfaceOrientationLandscapeLeft UIInterfaceOrientationLandscapeRight";
				LD_RUNPATH_SEARCH_PATHS = (
					"$(inherited)",
					"@executable_path/Frameworks",
				);
				MARKETING_VERSION = 1.0;
				PRODUCT_BUNDLE_IDENTIFIER = kwk3.aboutMeProject;
				PRODUCT_NAME = "$(TARGET_NAME)";
				SWIFT_EMIT_LOC_STRINGS = YES;
				SWIFT_VERSION = 5.0;
				TARGETED_DEVICE_FAMILY = "1,2";
			};
			name = Release;
		};
		BD7262232C5248520085C94B /* Debug */ = {
			isa = XCBuildConfiguration;
			buildSettings = {
				ALWAYS_EMBED_SWIFT_STANDARD_LIBRARIES = YES;
				BUNDLE_LOADER = "$(TEST_HOST)";
				CODE_SIGN_STYLE = Automatic;
				CURRENT_PROJECT_VERSION = 1;
				GENERATE_INFOPLIST_FILE = YES;
				IPHONEOS_DEPLOYMENT_TARGET = 17.5;
				MARKETING_VERSION = 1.0;
				PRODUCT_BUNDLE_IDENTIFIER = kwk3.aboutMeProjectTests;
				PRODUCT_NAME = "$(TARGET_NAME)";
				SWIFT_EMIT_LOC_STRINGS = NO;
				SWIFT_VERSION = 5.0;
				TARGETED_DEVICE_FAMILY = "1,2";
				TEST_HOST = "$(BUILT_PRODUCTS_DIR)/aboutMeProject.app/$(BUNDLE_EXECUTABLE_FOLDER_PATH)/aboutMeProject";
			};
			name = Debug;
		};
		BD7262242C5248520085C94B /* Release */ = {
			isa = XCBuildConfiguration;
			buildSettings = {
				ALWAYS_EMBED_SWIFT_STANDARD_LIBRARIES = YES;
				BUNDLE_LOADER = "$(TEST_HOST)";
				CODE_SIGN_STYLE = Automatic;
				CURRENT_PROJECT_VERSION = 1;
				GENERATE_INFOPLIST_FILE = YES;
				IPHONEOS_DEPLOYMENT_TARGET = 17.5;
				MARKETING_VERSION = 1.0;
				PRODUCT_BUNDLE_IDENTIFIER = kwk3.aboutMeProjectTests;
				PRODUCT_NAME = "$(TARGET_NAME)";
				SWIFT_EMIT_LOC_STRINGS = NO;
				SWIFT_VERSION = 5.0;
				TARGETED_DEVICE_FAMILY = "1,2";
				TEST_HOST = "$(BUILT_PRODUCTS_DIR)/aboutMeProject.app/$(BUNDLE_EXECUTABLE_FOLDER_PATH)/aboutMeProject";
			};
			name = Release;
		};
		BD7262262C5248520085C94B /* Debug */ = {
			isa = XCBuildConfiguration;
			buildSettings = {
				ALWAYS_EMBED_SWIFT_STANDARD_LIBRARIES = YES;
				CODE_SIGN_STYLE = Automatic;
				CURRENT_PROJECT_VERSION = 1;
				GENERATE_INFOPLIST_FILE = YES;
				MARKETING_VERSION = 1.0;
				PRODUCT_BUNDLE_IDENTIFIER = kwk3.aboutMeProjectUITests;
				PRODUCT_NAME = "$(TARGET_NAME)";
				SWIFT_EMIT_LOC_STRINGS = NO;
				SWIFT_VERSION = 5.0;
				TARGETED_DEVICE_FAMILY = "1,2";
				TEST_TARGET_NAME = aboutMeProject;
			};
			name = Debug;
		};
		BD7262272C5248520085C94B /* Release */ = {
			isa = XCBuildConfiguration;
			buildSettings = {
				ALWAYS_EMBED_SWIFT_STANDARD_LIBRARIES = YES;
				CODE_SIGN_STYLE = Automatic;
				CURRENT_PROJECT_VERSION = 1;
				GENERATE_INFOPLIST_FILE = YES;
				MARKETING_VERSION = 1.0;
				PRODUCT_BUNDLE_IDENTIFIER = kwk3.aboutMeProjectUITests;
				PRODUCT_NAME = "$(TARGET_NAME)";
				SWIFT_EMIT_LOC_STRINGS = NO;
				SWIFT_VERSION = 5.0;
				TARGETED_DEVICE_FAMILY = "1,2";
				TEST_TARGET_NAME = aboutMeProject;
			};
			name = Release;
		};
/* End XCBuildConfiguration section */

/* Begin XCConfigurationList section */
		BD7261F62C5248500085C94B /* Build configuration list for PBXProject "aboutMeProject" */ = {
			isa = XCConfigurationList;
			buildConfigurations = (
				BD72621D2C5248520085C94B /* Debug */,
				BD72621E2C5248520085C94B /* Release */,
			);
			defaultConfigurationIsVisible = 0;
			defaultConfigurationName = Release;
		};
		BD72621F2C5248520085C94B /* Build configuration list for PBXNativeTarget "aboutMeProject" */ = {
			isa = XCConfigurationList;
			buildConfigurations = (
				BD7262202C5248520085C94B /* Debug */,
				BD7262212C5248520085C94B /* Release */,
			);
			defaultConfigurationIsVisible = 0;
			defaultConfigurationName = Release;
		};
		BD7262222C5248520085C94B /* Build configuration list for PBXNativeTarget "aboutMeProjectTests" */ = {
			isa = XCConfigurationList;
			buildConfigurations = (
				BD7262232C5248520085C94B /* Debug */,
				BD7262242C5248520085C94B /* Release */,
			);
			defaultConfigurationIsVisible = 0;
			defaultConfigurationName = Release;
		};
		BD7262252C5248520085C94B /* Build configuration list for PBXNativeTarget "aboutMeProjectUITests" */ = {
			isa = XCConfigurationList;
			buildConfigurations = (
				BD7262262C5248520085C94B /* Debug */,
				BD7262272C5248520085C94B /* Release */,
			);
			defaultConfigurationIsVisible = 0;
			defaultConfigurationName = Release;
		};
/* End XCConfigurationList section */
	};
	rootObject = BD7261F32C5248500085C94B /* Project object */;
}
